version = 1
revision = 3
requires-python = ">=3.11"

[[package]]
name = "brotli"
version = "1.2.0"
source = { registry = "https://pypi.org/simple" }
sdist = { url = "https://files.pythonhosted.org/packages/f7/16/c92ca344d646e71a43b8bb353f0a6490d7f6e06210f8554c8f874e454285/brotli-1.2.0.tar.gz", hash = "sha256:e310f77e41941c13340a95976fe66a8a95b01e783d430eeaf7a2f87e0a57dd0a", size = 7388632, upload-time = "2025-11-05T18:39:42.86Z" }
wheels = [
    { url = "https://files.pythonhosted.org/packages/7a/ef/f285668811a9e1ddb47a18cb0b437d5fc2760d537a2fe8a57875ad6f8448/brotli-1.2.0-cp311-cp311-macosx_10_9_universal2.whl", hash = "sha256:15b33fe93cedc4caaff8a0bd1eb7e3dab1c61bb22a0bf5bdfdfd97cd7da79744", size = 863110, upload-time = "2025-11-05T18:38:12.978Z" },
    { url = "https://files.pythonhosted.org/packages/50/62/a3b77593587010c789a9d6eaa527c79e0848b7b860402cc64bc0bc28a86c/brotli-1.2.0-cp311-cp311-macosx_10_9_x86_64.whl", hash = "sha256:898be2be399c221d2671d29eed26b6b2713a02c2119168ed914e7d00ceadb56f", size = 445438, upload-time = "2025-11-05T18:38:14.208Z" },
    { url = "https://files.pythonhosted.org/packages/cd/e1/7fadd47f40ce5549dc44493877db40292277db373da5053aff181656e16e/brotli-1.2.0-cp311-cp311-manylinux2014_aarch64.manylinux_2_17_aarch64.manylinux_2_28_aarch64.whl", hash = "sha256:350c8348f0e76fff0a0fd6c26755d2653863279d086d3aa2c290a6a7251135dd", size = 1534420, upload-time = "2025-11-05T18:38:15.111Z" },
    { url = "https://files.pythonhosted.org/packages/12/8b/1ed2f64054a5a008a4ccd2f271dbba7a5fb1a3067a99f5ceadedd4c1d5a7/brotli-1.2.0-cp311-cp311-manylinux2014_ppc64le.manylinux_2_17_ppc64le.manylinux_2_28_ppc64le.whl", hash = "sha256:2e1ad3fda65ae0d93fec742a128d72e145c9c7a99ee2fcd667785d99eb25a7fe", size = 1632619, upload-time = "2025-11-05T18:38:16.094Z" },
    { url = "https://files.pythonhosted.org/packages/89/5a/7071a621eb2d052d64efd5da2ef55ecdac7c3b0c6e4f9d519e9c66d987ef/brotli-1.2.0-cp311-cp311-manylinux2014_x86_64.manylinux_2_17_x86_64.whl", hash = "sha256:40d918bce2b427a0c4ba189df7a006ac0c7277c180aee4617d99e9ccaaf59e6a", size = 1426014, upload-time = "2025-11-05T18:38:17.177Z" },
    { url = "https://files.pythonhosted.org/packages/26/6d/0971a8ea435af5156acaaccec1a505f981c9c80227633851f2810abd252a/brotli-1.2.0-cp311-cp311-musllinux_1_2_aarch64.whl", hash = "sha256:2a7f1d03727130fc875448b65b127a9ec5d06d19d0148e7554384229706f9d1b", size = 1489661, upload-time = "2025-11-05T18:38:18.41Z" },
    { url = "https://files.pythonhosted.org/packages/f3/75/c1baca8b4ec6c96a03ef8230fab2a785e35297632f402ebb1e78a1e39116/brotli-1.2.0-cp311-cp311-musllinux_1_2_ppc64le.whl", hash = "sha256:9c79f57faa25d97900bfb119480806d783fba83cd09ee0b33c17623935b05fa3", size = 1599150, upload-time = "2025-11-05T18:38:19.792Z" },
    { url = "https://files.pythonhosted.org/packages/0d/1a/23fcfee1c324fd48a63d7ebf4bac3a4115bdb1b00e600f80f727d850b1ae/brotli-1.2.0-cp311-cp311-musllinux_1_2_x86_64.whl", hash = "sha256:844a8ceb8483fefafc412f85c14f2aae2fb69567bf2a0de53cdb88b73e7c43ae", size = 1493505, upload-time = "2025-11-05T18:38:20.913Z" },
    { url = "https://files.pythonhosted.org/packages/36/e5/12904bbd36afeef53d45a84881a4810ae8810ad7e328a971ebbfd760a0b3/brotli-1.2.0-cp311-cp311-win32.whl", hash = "sha256:aa47441fa3026543513139cb8926a92a8e305ee9c71a6209ef7a97d91640ea03", size = 334451, upload-time = "2025-11-05T18:38:21.94Z" },
    { url = "https://files.pythonhosted.org/packages/02/8b/ecb5761b989629a4758c394b9301607a5880de61ee2ee5fe104b87149ebc/brotli-1.2.0-cp311-cp311-win_amd64.whl", hash = "sha256:022426c9e99fd65d9475dce5c195526f04bb8be8907607e27e747893f6ee3e24", size = 369035, upload-time = "2025-11-05T18:38:22.941Z" },
    { url = "https://files.pythonhosted.org/packages/11/ee/b0a11ab2315c69bb9b45a2aaed022499c9c24a205c3a49c3513b541a7967/brotli-1.2.0-cp312-cp312-macosx_10_13_universal2.whl", hash = "sha256:35d382625778834a7f3061b15423919aa03e4f5da34ac8e02c074e4b75ab4f84", size = 861543, upload-time = "2025-11-05T18:38:24.183Z" },
    { url = "https://files.pythonhosted.org/packages/e1/2f/29c1459513cd35828e25531ebfcbf3e92a5e49f560b1777a9af7203eb46e/brotli-1.2.0-cp312-cp312-macosx_10_13_x86_64.whl", hash = "sha256:7a61c06b334bd99bc5ae84f1eeb36bfe01400264b3c352f968c6e30a10f9d08b", size = 444288, upload-time = "2025-11-05T18:38:25.139Z" },
    { url = "https://files.pythonhosted.org/packages/3d/6f/feba03130d5fceadfa3a1bb102cb14650798c848b1df2a808356f939bb16/brotli-1.2.0-cp312-cp312-manylinux2014_aarch64.manylinux_2_17_aarch64.manylinux_2_28_aarch64.whl", hash = "sha256:acec55bb7c90f1dfc476126f9711a8e81c9af7fb617409a9ee2953115343f08d", size = 1528071, upload-time = "2025-11-05T18:38:26.081Z" },
    { url = "https://files.pythonhosted.org/packages/2b/38/f3abb554eee089bd15471057ba85f47e53a44a462cfce265d9bf7088eb09/brotli-1.2.0-cp312-cp312-manylinux2014_ppc64le.manylinux_2_17_ppc64le.manylinux_2_28_ppc64le.whl", hash = "sha256:260d3692396e1895c5034f204f0db022c056f9e2ac841593a4cf9426e2a3faca", size = 1626913, upload-time = "2025-11-05T18:38:27.284Z" },
    { url = "https://files.pythonhosted.org/packages/03/a7/03aa61fbc3c5cbf99b44d158665f9b0dd3d8059be16c460208d9e385c837/brotli-1.2.0-cp312-cp312-manylinux2014_x86_64.manylinux_2_17_x86_64.whl", hash = "sha256:072e7624b1fc4d601036ab3f4f27942ef772887e876beff0301d261210bca97f", size = 1419762, upload-time = "2025-11-05T18:38:28.295Z" },
    { url = "https://files.pythonhosted.org/packages/21/1b/0374a89ee27d152a5069c356c96b93afd1b94eae83f1e004b57eb6ce2f10/brotli-1.2.0-cp312-cp312-musllinux_1_2_aarch64.whl", hash = "sha256:adedc4a67e15327dfdd04884873c6d5a01d3e3b6f61406f99b1ed4865a2f6d28", size = 1484494, upload-time = "2025-11-05T18:38:29.29Z" },
    { url = "https://files.pythonhosted.org/packages/cf/57/69d4fe84a67aef4f524dcd075c6eee868d7850e85bf01d778a857d8dbe0a/brotli-1.2.0-cp312-cp312-musllinux_1_2_ppc64le.whl", hash = "sha256:7a47ce5c2288702e09dc22a44d0ee6152f2c7eda97b3c8482d826a1f3cfc7da7", size = 1593302, upload-time = "2025-11-05T18:38:30.639Z" },
    { url = "https://files.pythonhosted.org/packages/d5/3b/39e13ce78a8e9a621c5df3aeb5fd181fcc8caba8c48a194cd629771f6828/brotli-1.2.0-cp312-cp312-musllinux_1_2_x86_64.whl", hash = "sha256:af43b8711a8264bb4e7d6d9a6d004c3a2019c04c01127a868709ec29962b6036", size = 1487913, upload-time = "2025-11-05T18:38:31.618Z" },
    { url = "https://files.pythonhosted.org/packages/62/28/4d00cb9bd76a6357a66fcd54b4b6d70288385584063f4b07884c1e7286ac/brotli-1.2.0-cp312-cp312-win32.whl", hash = "sha256:e99befa0b48f3cd293dafeacdd0d191804d105d279e0b387a32054c1180f3161", size = 334362, upload-time = "2025-11-05T18:38:32.939Z" },
    { url = "https://files.pythonhosted.org/packages/1c/4e/bc1dcac9498859d5e353c9b153627a3752868a9d5f05ce8dedd81a2354ab/brotli-1.2.0-cp312-cp312-win_amd64.whl", hash = "sha256:b35c13ce241abdd44cb8ca70683f20c0c079728a36a996297adb5334adfc1c44", size = 369115, upload-time = "2025-11-05T18:38:33.765Z" },
    { url = "https://files.pythonhosted.org/packages/6c/d4/4ad5432ac98c73096159d9ce7ffeb82d151c2ac84adcc6168e476bb54674/brotli-1.2.0-cp313-cp313-macosx_10_13_universal2.whl", hash = "sha256:9e5825ba2c9998375530504578fd4d5d1059d09621a02065d1b6bfc41a8e05ab", size = 861523, upload-time = "2025-11-05T18:38:34.67Z" },
    { url = "https://files.pythonhosted.org/packages/91/9f/9cc5bd03ee68a85dc4bc89114f7067c056a3c14b3d95f171918c088bf88d/brotli-1.2.0-cp313-cp313-macosx_10_13_x86_64.whl", hash = "sha256:0cf8c3b8ba93d496b2fae778039e2f5ecc7cff99df84df337ca31d8f2252896c", size = 444289, upload-time = "2025-11-05T18:38:35.6Z" },
    { url = "https://files.pythonhosted.org/packages/2e/b6/fe84227c56a865d16a6614e2c4722864b380cb14b13f3e6bef441e73a85a/brotli-1.2.0-cp313-cp313-manylinux2014_aarch64.manylinux_2_17_aarch64.manylinux_2_28_aarch64.whl", hash = "sha256:c8565e3cdc1808b1a34714b553b262c5de5fbda202285782173ec137fd13709f", size = 1528076, upload-time = "2025-11-05T18:38:36.639Z" },
    { url = "https://files.pythonhosted.org/packages/55/de/de4ae0aaca06c790371cf6e7ee93a024f6b4bb0568727da8c3de112e726c/brotli-1.2.0-cp313-cp313-manylinux2014_ppc64le.manylinux_2_17_ppc64le.manylinux_2_28_ppc64le.whl", hash = "sha256:26e8d3ecb0ee458a9804f47f21b74845cc823fd1bb19f02272be70774f56e2a6", size = 1626880, upload-time = "2025-11-05T18:38:37.623Z" },
    { url = "https://files.pythonhosted.org/packages/5f/16/a1b22cbea436642e071adcaf8d4b350a2ad02f5e0ad0da879a1be16188a0/brotli-1.2.0-cp313-cp313-manylinux2014_x86_64.manylinux_2_17_x86_64.whl", hash = "sha256:67a91c5187e1eec76a61625c77a6c8c785650f5b576ca732bd33ef58b0dff49c", size = 1419737, upload-time = "2025-11-05T18:38:38.729Z" },
    { url = "https://files.pythonhosted.org/packages/46/63/c968a97cbb3bdbf7f974ef5a6ab467a2879b82afbc5ffb65b8acbb744f95/brotli-1.2.0-cp313-cp313-musllinux_1_2_aarch64.whl", hash = "sha256:4ecdb3b6dc36e6d6e14d3a1bdc6c1057c8cbf80db04031d566eb6080ce283a48", size = 1484440, upload-time = "2025-11-05T18:38:39.916Z" },
    { url = "https://files.pythonhosted.org/packages/06/9d/102c67ea5c9fc171f423e8399e585dabea29b5bc79b05572891e70013cdd/brotli-1.2.0-cp313-cp313-musllinux_1_2_ppc64le.whl", hash = "sha256:3e1b35d56856f3ed326b140d3c6d9db91740f22e14b06e840fe4bb1923439a18", size = 1593313, upload-time = "2025-11-05T18:38:41.24Z" },
    { url = "https://files.pythonhosted.org/packages/9e/4a/9526d14fa6b87bc827ba1755a8440e214ff90de03095cacd78a64abe2b7d/brotli-1.2.0-cp313-cp313-musllinux_1_2_x86_64.whl", hash = "sha256:54a50a9dad16b32136b2241ddea9e4df159b41247b2ce6aac0b3276a66a8f1e5", size = 1487945, upload-time = "2025-11-05T18:38:42.277Z" },
    { url = "https://files.pythonhosted.org/packages/5b/e8/3fe1ffed70cbef83c5236166acaed7bb9c766509b157854c80e2f766b38c/brotli-1.2.0-cp313-cp313-win32.whl", hash = "sha256:1b1d6a4efedd53671c793be6dd760fcf2107da3a52331ad9ea429edf0902f27a", size = 334368, upload-time = "2025-11-05T18:38:43.345Z" },
    { url = "https://files.pythonhosted.org/packages/ff/91/e739587be970a113b37b821eae8097aac5a48e5f0eca438c22e4c7dd8648/brotli-1.2.0-cp313-cp313-win_amd64.whl", hash = "sha256:b63daa43d82f0cdabf98dee215b375b4058cce72871fd07934f179885aad16e8", size = 369116, upload-time = "2025-11-05T18:38:44.609Z" },
    { url = "https://files.pythonhosted.org/packages/17/e1/298c2ddf786bb7347a1cd71d63a347a79e5712a7c0cba9e3c3458ebd976f/brotli-1.2.0-cp314-cp314-macosx_10_15_universal2.whl", hash = "sha256:6c12dad5cd04530323e723787ff762bac749a7b256a5bece32b2243dd5c27b21", size = 863080, upload-time = "2025-11-05T18:38:45.503Z" },
    { url = "https://files.pythonhosted.org/packages/84/0c/aac98e286ba66868b2b3b50338ffbd85a35c7122e9531a73a37a29763d38/brotli-1.2.0-cp314-cp314-macosx_10_15_x86_64.whl", hash = "sha256:3219bd9e69868e57183316ee19c84e03e8f8b5a1d1f2667e1aa8c2f91cb061ac", size = 445453, upload-time = "2025-11-05T18:38:46.433Z" },
    { url = "https://files.pythonhosted.org/packages/ec/f1/0ca1f3f99ae300372635ab3fe2f7a79fa335fee3d874fa7f9e68575e0e62/brotli-1.2.0-cp314-cp314-manylinux2014_aarch64.manylinux_2_17_aarch64.manylinux_2_28_aarch64.whl", hash = "sha256:963a08f3bebd8b75ac57661045402da15991468a621f014be54e50f53a58d19e", size = 1528168, upload-time = "2025-11-05T18:38:47.371Z" },
    { url = "https://files.pythonhosted.org/packages/d6/a6/2ebfc8f766d46df8d3e65b880a2e220732395e6d7dc312c1e1244b0f074a/brotli-1.2.0-cp314-cp314-manylinux2014_ppc64le.manylinux_2_17_ppc64le.manylinux_2_28_ppc64le.whl", hash = "sha256:9322b9f8656782414b37e6af884146869d46ab85158201d82bab9abbcb971dc7", size = 1627098, upload-time = "2025-11-05T18:38:48.385Z" },
    { url = "https://files.pythonhosted.org/packages/f3/2f/0976d5b097ff8a22163b10617f76b2557f15f0f39d6a0fe1f02b1a53e92b/brotli-1.2.0-cp314-cp314-manylinux2014_x86_64.manylinux_2_17_x86_64.whl", hash = "sha256:cf9cba6f5b78a2071ec6fb1e7bd39acf35071d90a81231d67e92d637776a6a63", size = 1419861, upload-time = "2025-11-05T18:38:49.372Z" },
    { url = "https://files.pythonhosted.org/packages/9c/97/d76df7176a2ce7616ff94c1fb72d307c9a30d2189fe877f3dd99af00ea5a/brotli-1.2.0-cp314-cp314-musllinux_1_2_aarch64.whl", hash = "sha256:7547369c4392b47d30a3467fe8c3330b4f2e0f7730e45e3103d7d636678a808b", size = 1484594, upload-time = "2025-11-05T18:38:50.655Z" },
    { url = "https://files.pythonhosted.org/packages/d3/93/14cf0b1216f43df5609f5b272050b0abd219e0b54ea80b47cef9867b45e7/brotli-1.2.0-cp314-cp314-musllinux_1_2_ppc64le.whl", hash = "sha256:fc1530af5c3c275b8524f2e24841cbe2599d74462455e9bae5109e9ff42e9361", size = 1593455, upload-time = "2025-11-05T18:38:51.624Z" },
    { url = "https://files.pythonhosted.org/packages/b3/73/3183c9e41ca755713bdf2cc1d0810df742c09484e2e1ddd693bee53877c1/brotli-1.2.0-cp314-cp314-musllinux_1_2_x86_64.whl", hash = "sha256:d2d085ded05278d1c7f65560aae97b3160aeb2ea2c0b3e26204856beccb60888", size = 1488164, upload-time = "2025-11-05T18:38:53.079Z" },
    { url = "https://files.pythonhosted.org/packages/64/6a/0c78d8f3a582859236482fd9fa86a65a60328a00983006bcf6d83b7b2253/brotli-1.2.0-cp314-cp314-win32.whl", hash = "sha256:832c115a020e463c2f67664560449a7bea26b0c1fdd690352addad6d0a08714d", size = 339280, upload-time = "2025-11-05T18:38:54.02Z" },
    { url = "https://files.pythonhosted.org/packages/f5/10/56978295c14794b2c12007b07f3e41ba26acda9257457d7085b0bb3bb90c/brotli-1.2.0-cp314-cp314-win_amd64.whl", hash = "sha256:e7c0af964e0b4e3412a0ebf341ea26ec767fa0b4cf81abb5e897c9338b5ad6a3", size = 375639, upload-time = "2025-11-05T18:38:55.67Z" },
]

[[package]]
name = "fonts"
version = "0.1.1"
source = { virtual = "." }
dependencies = [
    { name = "brotli" },
    { name = "fonttools" },
]

[package.metadata]
requires-dist = [
    { name = "brotli", specifier = ">=1.0.9,<2" },
    { name = "fonttools", specifier = ">=4.17.1,<5" },
]

[package.metadata.requires-dev]
dev = []

[[package]]
name = "fonttools"
version = "4.61.0"
source = { registry = "https://pypi.org/simple" }
sdist = { url = "https://files.pythonhosted.org/packages/33/f9/0e84d593c0e12244150280a630999835a64f2852276161b62a0f98318de0/fonttools-4.61.0.tar.gz", hash = "sha256:ec520a1f0c7758d7a858a00f090c1745f6cde6a7c5e76fb70ea4044a15f712e7", size = 3561884, upload-time = "2025-11-28T17:05:49.491Z" }
wheels = [
    { url = "https://files.pythonhosted.org/packages/fd/be/5aa89cdddf2863d8afbdc19eb8ec5d8d35d40eeeb8e6cf52c5ff1c2dbd33/fonttools-4.61.0-cp311-cp311-macosx_10_9_universal2.whl", hash = "sha256:a32a16951cbf113d38f1dd8551b277b6e06e0f6f776fece0f99f746d739e1be3", size = 2847553, upload-time = "2025-11-28T17:04:30.539Z" },
    { url = "https://files.pythonhosted.org/packages/0d/3e/6ff643b07cead1236a534f51291ae2981721cf419135af5b740c002a66dd/fonttools-4.61.0-cp311-cp311-macosx_10_9_x86_64.whl", hash = "sha256:328a9c227984bebaf69f3ac9062265f8f6acc7ddf2e4e344c63358579af0aa3d", size = 2388298, upload-time = "2025-11-28T17:04:32.161Z" },
    { url = "https://files.pythonhosted.org/packages/c3/15/fca8dfbe7b482e6f240b1aad0ed7c6e2e75e7a28efa3d3a03b570617b5e5/fonttools-4.61.0-cp311-cp311-manylinux2014_aarch64.manylinux_2_17_aarch64.manylinux_2_28_aarch64.whl", hash = "sha256:2f0bafc8a3b3749c69cc610e5aa3da832d39c2a37a68f03d18ec9a02ecaac04a", size = 5054133, upload-time = "2025-11-28T17:04:34.035Z" },
    { url = "https://files.pythonhosted.org/packages/6a/a2/821c61c691b21fd09e07528a9a499cc2b075ac83ddb644aa16c9875a64bc/fonttools-4.61.0-cp311-cp311-manylinux2014_x86_64.manylinux_2_17_x86_64.whl", hash = "sha256:b5ca59b7417d149cf24e4c1933c9f44b2957424fc03536f132346d5242e0ebe5", size = 5031410, upload-time = "2025-11-28T17:04:36.141Z" },
    { url = "https://files.pythonhosted.org/packages/e8/f6/8b16339e93d03c732c8a23edefe3061b17a5f9107ddc47a3215ecd054cac/fonttools-4.61.0-cp311-cp311-musllinux_1_2_aarch64.whl", hash = "sha256:df8cbce85cf482eb01f4551edca978c719f099c623277bda8332e5dbe7dba09d", size = 5030005, upload-time = "2025-11-28T17:04:38.314Z" },
    { url = "https://files.pythonhosted.org/packages/ac/eb/d4e150427bdaa147755239c931bbce829a88149ade5bfd8a327afe565567/fonttools-4.61.0-cp311-cp311-musllinux_1_2_x86_64.whl", hash = "sha256:7fb5b84f48a6a733ca3d7f41aa9551908ccabe8669ffe79586560abcc00a9cfd", size = 5154026, upload-time = "2025-11-28T17:04:40.34Z" },
    { url = "https://files.pythonhosted.org/packages/7f/5f/3dd00ce0dba6759943c707b1830af8c0bcf6f8f1a9fe46cb82e7ac2aaa74/fonttools-4.61.0-cp311-cp311-win32.whl", hash = "sha256:787ef9dfd1ea9fe49573c272412ae5f479d78e671981819538143bec65863865", size = 2276035, upload-time = "2025-11-28T17:04:42.59Z" },
    { url = "https://files.pythonhosted.org/packages/4e/44/798c472f096ddf12955eddb98f4f7c906e7497695d04ce073ddf7161d134/fonttools-4.61.0-cp311-cp311-win_amd64.whl", hash = "sha256:14fafda386377b6131d9e448af42d0926bad47e038de0e5ba1d58c25d621f028", size = 2327290, upload-time = "2025-11-28T17:04:44.57Z" },
    { url = "https://files.pythonhosted.org/packages/00/5d/19e5939f773c7cb05480fe2e881d63870b63ee2b4bdb9a77d55b1d36c7b9/fonttools-4.61.0-cp312-cp312-macosx_10_13_universal2.whl", hash = "sha256:e24a1565c4e57111ec7f4915f8981ecbb61adf66a55f378fdc00e206059fcfef", size = 2846930, upload-time = "2025-11-28T17:04:46.639Z" },
    { url = "https://files.pythonhosted.org/packages/25/b2/0658faf66f705293bd7e739a4f038302d188d424926be9c59bdad945664b/fonttools-4.61.0-cp312-cp312-macosx_10_13_x86_64.whl", hash = "sha256:e2bfacb5351303cae9f072ccf3fc6ecb437a6f359c0606bae4b1ab6715201d87", size = 2383016, upload-time = "2025-11-28T17:04:48.525Z" },
    { url = "https://files.pythonhosted.org/packages/29/a3/1fa90b95b690f0d7541f48850adc40e9019374d896c1b8148d15012b2458/fonttools-4.61.0-cp312-cp312-manylinux1_x86_64.manylinux2014_x86_64.manylinux_2_17_x86_64.manylinux_2_5_x86_64.whl", hash = "sha256:0bdcf2e29d65c26299cc3d502f4612365e8b90a939f46cd92d037b6cb7bb544a", size = 4949425, upload-time = "2025-11-28T17:04:50.482Z" },
    { url = "https://files.pythonhosted.org/packages/af/00/acf18c00f6c501bd6e05ee930f926186f8a8e268265407065688820f1c94/fonttools-4.61.0-cp312-cp312-manylinux2014_aarch64.manylinux_2_17_aarch64.manylinux_2_28_aarch64.whl", hash = "sha256:e6cd0d9051b8ddaf7385f99dd82ec2a058e2b46cf1f1961e68e1ff20fcbb61af", size = 4999632, upload-time = "2025-11-28T17:04:52.508Z" },
    { url = "https://files.pythonhosted.org/packages/5f/e0/19a2b86e54109b1d2ee8743c96a1d297238ae03243897bc5345c0365f34d/fonttools-4.61.0-cp312-cp312-musllinux_1_2_aarch64.whl", hash = "sha256:e074bc07c31406f45c418e17c1722e83560f181d122c412fa9e815df0ff74810", size = 4939438, upload-time = "2025-11-28T17:04:54.437Z" },
    { url = "https://files.pythonhosted.org/packages/04/35/7b57a5f57d46286360355eff8d6b88c64ab6331107f37a273a71c803798d/fonttools-4.61.0-cp312-cp312-musllinux_1_2_x86_64.whl", hash = "sha256:5a9b78da5d5faa17e63b2404b77feeae105c1b7e75f26020ab7a27b76e02039f", size = 5088960, upload-time = "2025-11-28T17:04:56.348Z" },
    { url = "https://files.pythonhosted.org/packages/3e/0e/6c5023eb2e0fe5d1ababc7e221e44acd3ff668781489cc1937a6f83d620a/fonttools-4.61.0-cp312-cp312-win32.whl", hash = "sha256:9821ed77bb676736b88fa87a737c97b6af06e8109667e625a4f00158540ce044", size = 2264404, upload-time = "2025-11-28T17:04:58.149Z" },
    { url = "https://files.pythonhosted.org/packages/36/0b/63273128c7c5df19b1e4cd92e0a1e6ea5bb74a400c4905054c96ad60a675/fonttools-4.61.0-cp312-cp312-win_amd64.whl", hash = "sha256:0011d640afa61053bc6590f9a3394bd222de7cfde19346588beabac374e9d8ac", size = 2314427, upload-time = "2025-11-28T17:04:59.812Z" },
    { url = "https://files.pythonhosted.org/packages/17/45/334f0d7f181e5473cfb757e1b60f4e60e7fc64f28d406e5d364a952718c0/fonttools-4.61.0-cp313-cp313-macosx_10_13_universal2.whl", hash = "sha256:ba774b8cbd8754f54b8eb58124e8bd45f736b2743325ab1a5229698942b9b433", size = 2841801, upload-time = "2025-11-28T17:05:01.621Z" },
    { url = "https://files.pythonhosted.org/packages/cc/63/97b9c78e1f79bc741d4efe6e51f13872d8edb2b36e1b9fb2bab0d4491bb7/fonttools-4.61.0-cp313-cp313-macosx_10_13_x86_64.whl", hash = "sha256:c84b430616ed73ce46e9cafd0bf0800e366a3e02fb7e1ad7c1e214dbe3862b1f", size = 2379024, upload-time = "2025-11-28T17:05:03.668Z" },
    { url = "https://files.pythonhosted.org/packages/4e/80/c87bc524a90dbeb2a390eea23eae448286983da59b7e02c67fa0ca96a8c5/fonttools-4.61.0-cp313-cp313-manylinux1_x86_64.manylinux2014_x86_64.manylinux_2_17_x86_64.manylinux_2_5_x86_64.whl", hash = "sha256:b2b734d8391afe3c682320840c8191de9bd24e7eb85768dd4dc06ed1b63dbb1b", size = 4923706, upload-time = "2025-11-28T17:05:05.494Z" },
    { url = "https://files.pythonhosted.org/packages/6d/f6/a3b0374811a1de8c3f9207ec88f61ad1bb96f938ed89babae26c065c2e46/fonttools-4.61.0-cp313-cp313-manylinux2014_aarch64.manylinux_2_17_aarch64.manylinux_2_28_aarch64.whl", hash = "sha256:a5c5fff72bf31b0e558ed085e4fd7ed96eb85881404ecc39ed2a779e7cf724eb", size = 4979751, upload-time = "2025-11-28T17:05:07.665Z" },
    { url = "https://files.pythonhosted.org/packages/a5/3b/30f63b4308b449091573285f9d27619563a84f399946bca3eadc9554afbe/fonttools-4.61.0-cp313-cp313-musllinux_1_2_aarch64.whl", hash = "sha256:14a290c5c93fcab76b7f451e6a4b7721b712d90b3b5ed6908f1abcf794e90d6d", size = 4921113, upload-time = "2025-11-28T17:05:09.551Z" },
    { url = "https://files.pythonhosted.org/packages/41/6c/58e6e9b7d9d8bf2d7010bd7bb493060b39b02a12d1cda64a8bfb116ce760/fonttools-4.61.0-cp313-cp313-musllinux_1_2_x86_64.whl", hash = "sha256:13e3e20a5463bfeb77b3557d04b30bd6a96a6bb5c15c7b2e7908903e69d437a0", size = 5063183, upload-time = "2025-11-28T17:05:11.677Z" },
    { url = "https://files.pythonhosted.org/packages/3f/e3/52c790ab2b07492df059947a1fd7778e105aac5848c0473029a4d20481a2/fonttools-4.61.0-cp313-cp313-win32.whl", hash = "sha256:6781e7a4bb010be1cd69a29927b0305c86b843395f2613bdabe115f7d6ea7f34", size = 2263159, upload-time = "2025-11-28T17:05:13.292Z" },
    { url = "https://files.pythonhosted.org/packages/e9/1f/116013b200fbeba871046554d5d2a45fefa69a05c40e9cdfd0d4fff53edc/fonttools-4.61.0-cp313-cp313-win_amd64.whl", hash = "sha256:c53b47834ae41e8e4829171cc44fec0fdf125545a15f6da41776b926b9645a9a", size = 2313530, upload-time = "2025-11-28T17:05:14.848Z" },
    { url = "https://files.pythonhosted.org/packages/d3/99/59b1e25987787cb714aa9457cee4c9301b7c2153f0b673e2b8679d37669d/fonttools-4.61.0-cp314-cp314-macosx_10_15_universal2.whl", hash = "sha256:96dfc9bc1f2302224e48e6ee37e656eddbab810b724b52e9d9c13a57a6abad01", size = 2841429, upload-time = "2025-11-28T17:05:16.671Z" },
    { url = "https://files.pythonhosted.org/packages/2b/b2/4c1911d4332c8a144bb3b44416e274ccca0e297157c971ea1b3fbb855590/fonttools-4.61.0-cp314-cp314-macosx_10_15_x86_64.whl", hash = "sha256:3b2065d94e5d63aafc2591c8b6ccbdb511001d9619f1bca8ad39b745ebeb5efa", size = 2378987, upload-time = "2025-11-28T17:05:18.69Z" },
    { url = "https://files.pythonhosted.org/packages/24/b0/f442e90fde5d2af2ae0cb54008ab6411edc557ee33b824e13e1d04925ac9/fonttools-4.61.0-cp314-cp314-manylinux1_x86_64.manylinux2014_x86_64.manylinux_2_17_x86_64.manylinux_2_5_x86_64.whl", hash = "sha256:e0d87e81e4d869549585ba0beb3f033718501c1095004f5e6aef598d13ebc216", size = 4873270, upload-time = "2025-11-28T17:05:20.625Z" },
    { url = "https://files.pythonhosted.org/packages/bb/04/f5d5990e33053c8a59b90b1d7e10ad9b97a73f42c745304da0e709635fab/fonttools-4.61.0-cp314-cp314-manylinux2014_aarch64.manylinux_2_17_aarch64.manylinux_2_28_aarch64.whl", hash = "sha256:1cfa2eb9bae650e58f0e8ad53c49d19a844d6034d6b259f30f197238abc1ccee", size = 4968270, upload-time = "2025-11-28T17:05:22.515Z" },
    { url = "https://files.pythonhosted.org/packages/94/9f/2091402e0d27c9c8c4bab5de0e5cd146d9609a2d7d1c666bbb75c0011c1a/fonttools-4.61.0-cp314-cp314-musllinux_1_2_aarch64.whl", hash = "sha256:4238120002e68296d55e091411c09eab94e111c8ce64716d17df53fd0eb3bb3d", size = 4919799, upload-time = "2025-11-28T17:05:24.437Z" },
    { url = "https://files.pythonhosted.org/packages/a8/72/86adab22fde710b829f8ffbc8f264df01928e5b7a8f6177fa29979ebf256/fonttools-4.61.0-cp314-cp314-musllinux_1_2_x86_64.whl", hash = "sha256:b6ceac262cc62bec01b3bb59abccf41b24ef6580869e306a4e88b7e56bb4bdda", size = 5030966, upload-time = "2025-11-28T17:05:26.115Z" },
    { url = "https://files.pythonhosted.org/packages/e8/a7/7c8e31b003349e845b853f5e0a67b95ff6b052fa4f5224f8b72624f5ac69/fonttools-4.61.0-cp314-cp314-win32.whl", hash = "sha256:adbb4ecee1a779469a77377bbe490565effe8fce6fb2e6f95f064de58f8bac85", size = 2267243, upload-time = "2025-11-28T17:05:27.807Z" },
    { url = "https://files.pythonhosted.org/packages/20/ee/f434fe7749360497c52b7dcbcfdbccdaab0a71c59f19d572576066717122/fonttools-4.61.0-cp314-cp314-win_amd64.whl", hash = "sha256:02bdf8e04d1a70476564b8640380f04bb4ac74edc1fc71f1bacb840b3e398ee9", size = 2318822, upload-time = "2025-11-28T17:05:29.882Z" },
    { url = "https://files.pythonhosted.org/packages/33/b3/c16255320255e5c1863ca2b2599bb61a46e2f566db0bbb9948615a8fe692/fonttools-4.61.0-cp314-cp314t-macosx_10_15_universal2.whl", hash = "sha256:627216062d90ab0d98215176d8b9562c4dd5b61271d35f130bcd30f6a8aaa33a", size = 2924917, upload-time = "2025-11-28T17:05:31.46Z" },
    { url = "https://files.pythonhosted.org/packages/e2/b8/08067ae21de705a817777c02ef36ab0b953cbe91d8adf134f9c2da75ed6d/fonttools-4.61.0-cp314-cp314t-macosx_10_15_x86_64.whl", hash = "sha256:7b446623c9cd5f14a59493818eaa80255eec2468c27d2c01b56e05357c263195", size = 2413576, upload-time = "2025-11-28T17:05:33.343Z" },
    { url = "https://files.pythonhosted.org/packages/42/f1/96ff43f92addce2356780fdc203f2966206f3d22ea20e242c27826fd7442/fonttools-4.61.0-cp314-cp314t-manylinux1_x86_64.manylinux2014_x86_64.manylinux_2_17_x86_64.manylinux_2_5_x86_64.whl", hash = "sha256:70e2a0c0182ee75e493ef33061bfebf140ea57e035481d2f95aa03b66c7a0e05", size = 4877447, upload-time = "2025-11-28T17:05:35.278Z" },
    { url = "https://files.pythonhosted.org/packages/d0/1e/a3d8e51ed9ccfd7385e239ae374b78d258a0fb82d82cab99160a014a45d1/fonttools-4.61.0-cp314-cp314t-manylinux2014_aarch64.manylinux_2_17_aarch64.manylinux_2_28_aarch64.whl", hash = "sha256:9064b0f55b947e929ac669af5311ab1f26f750214db6dd9a0c97e091e918f486", size = 5095681, upload-time = "2025-11-28T17:05:37.142Z" },
    { url = "https://files.pythonhosted.org/packages/eb/f6/d256bd6c1065c146a0bdddf1c62f542e08ae5b3405dbf3fcc52be272f674/fonttools-4.61.0-cp314-cp314t-musllinux_1_2_aarch64.whl", hash = "sha256:2cb5e45a824ce14b90510024d0d39dae51bd4fbb54c42a9334ea8c8cf4d95cbe", size = 4974140, upload-time = "2025-11-28T17:05:39.5Z" },
    { url = "https://files.pythonhosted.org/packages/5d/0c/96633eb4b26f138cc48561c6e0c44b4ea48acea56b20b507d6b14f8e80ce/fonttools-4.61.0-cp314-cp314t-musllinux_1_2_x86_64.whl", hash = "sha256:6e5ca8c62efdec7972dfdfd454415c4db49b89aeaefaaacada432f3b7eea9866", size = 5001741, upload-time = "2025-11-28T17:05:41.424Z" },
    { url = "https://files.pythonhosted.org/packages/6f/9a/3b536bad3be4f26186f296e749ff17bad3e6d57232c104d752d24b2e265b/fonttools-4.61.0-cp314-cp314t-win32.whl", hash = "sha256:63c7125d31abe3e61d7bb917329b5543c5b3448db95f24081a13aaf064360fc8", size = 2330707, upload-time = "2025-11-28T17:05:43.548Z" },
    { url = "https://files.pythonhosted.org/packages/18/ea/e6b9ac610451ee9f04477c311ad126de971f6112cb579fa391d2a8edb00b/fonttools-4.61.0-cp314-cp314t-win_amd64.whl", hash = "sha256:67d841aa272be5500de7f447c40d1d8452783af33b4c3599899319f6ef9ad3c1", size = 2395950, upload-time = "2025-11-28T17:05:45.638Z" },
    { url = "https://files.pythonhosted.org/packages/0c/14/634f7daea5ffe6a5f7a0322ba8e1a0e23c9257b80aa91458107896d1dfc7/fonttools-4.61.0-py3-none-any.whl", hash = "sha256:276f14c560e6f98d24ef7f5f44438e55ff5a67f78fa85236b218462c9f5d0635", size = 1144485, upload-time = "2025-11-28T17:05:47.573Z" },
]
